
Microsoft Visual Studio Solution File, Format Version 12.00
# Visual Studio Version 17
VisualStudioVersion = 17.14.36202.13
MinimumVisualStudioVersion = 10.0.40219.1
Project("{FAE04EC0-301F-11D3-BF4B-00C04F79EFBC}") = "CentroMedico", "CentroMedico\CentroMedico.csproj", "{30C65F16-E6C3-43BA-AA4E-97189FC188E2}"
EndProject
Project("{FAE04EC0-301F-11D3-BF4B-00C04F79EFBC}") = "APICentroMedico", "APICentroMedico\APICentroMedico.csproj", "{D11F2129-5433-45D7-A352-35D0A07197EE}"
EndProject
Global
	GlobalSection(SolutionConfigurationPlatforms) = preSolution
		Debug|Any CPU = Debug|Any CPU
		Release|Any CPU = Release|Any CPU
	EndGlobalSection
	GlobalSection(ProjectConfigurationPlatforms) = postSolution
		{30C65F16-E6C3-43BA-AA4E-97189FC188E2}.Debug|Any CPU.ActiveCfg = Debug|Any CPU
		{30C65F16-E6C3-43BA-AA4E-97189FC188E2}.Debug|Any CPU.Build.0 = Debug|Any CPU
		{30C65F16-E6C3-43BA-AA4E-97189FC188E2}.Release|Any CPU.ActiveCfg = Release|Any CPU
		{30C65F16-E6C3-43BA-AA4E-97189FC188E2}.Release|Any CPU.Build.0 = Release|Any CPU
		{D11F2129-5433-45D7-A352-35D0A07197EE}.Debug|Any CPU.ActiveCfg = Debug|Any CPU
		{D11F2129-5433-45D7-A352-35D0A07197EE}.Debug|Any CPU.Build.0 = Debug|Any CPU
		{D11F2129-5433-45D7-A352-35D0A07197EE}.Release|Any CPU.ActiveCfg = Release|Any CPU
		{D11F2129-5433-45D7-A352-35D0A07197EE}.Release|Any CPU.Build.0 = Release|Any CPU
	EndGlobalSection
	GlobalSection(SolutionProperties) = preSolution
		HideSolutionNode = FALSE
	EndGlobalSection
	GlobalSection(ExtensibilityGlobals) = postSolution
		SolutionGuid = {6DF052FE-85F1-4697-95A6-004CABDF2E7A}
	EndGlobalSection
EndGlobal
